
Microsoft Visual Studio Solution File, Format Version 12.00
# Visual Studio Version 16
VisualStudioVersion = 16.0.30803.129
MinimumVisualStudioVersion = 10.0.40219.1
Project("{FAE04EC0-301F-11D3-BF4B-00C04F79EFBC}") = "MSW", "MSW\MSW.csproj", "{34EE4830-25C1-444F-9D57-E1685168B9A3}"
EndProject
Project("{FAE04EC0-301F-11D3-BF4B-00C04F79EFBC}") = "MSWSupport", "..\MSWSupport\MSWSupport.csproj", "{226D974A-E5AE-40E7-92C9-625A1D67B9D4}"
EndProject
Global
	GlobalSection(SolutionConfigurationPlatforms) = preSolution
		Debug|Any CPU = Debug|Any CPU
		Release|Any CPU = Release|Any CPU
	EndGlobalSection
	GlobalSection(ProjectConfigurationPlatforms) = postSolution
		{34EE4830-25C1-444F-9D57-E1685168B9A3}.Debug|Any CPU.ActiveCfg = Debug|Any CPU
		{34EE4830-25C1-444F-9D57-E1685168B9A3}.Debug|Any CPU.Build.0 = Debug|Any CPU
		{34EE4830-25C1-444F-9D57-E1685168B9A3}.Release|Any CPU.ActiveCfg = Release|Any CPU
		{34EE4830-25C1-444F-9D57-E1685168B9A3}.Release|Any CPU.Build.0 = Release|Any CPU
		{226D974A-E5AE-40E7-92C9-625A1D67B9D4}.Debug|Any CPU.ActiveCfg = Debug|Any CPU
		{226D974A-E5AE-40E7-92C9-625A1D67B9D4}.Debug|Any CPU.Build.0 = Debug|Any CPU
		{226D974A-E5AE-40E7-92C9-625A1D67B9D4}.Release|Any CPU.ActiveCfg = Release|Any CPU
		{226D974A-E5AE-40E7-92C9-625A1D67B9D4}.Release|Any CPU.Build.0 = Release|Any CPU
	EndGlobalSection
	GlobalSection(SolutionProperties) = preSolution
		HideSolutionNode = FALSE
	EndGlobalSection
	GlobalSection(ExtensibilityGlobals) = postSolution
		SolutionGuid = {D3D953FF-1899-45A8-A9DF-3AD62583B371}
	EndGlobalSection
EndGlobal
